
Microsoft Visual Studio Solution File, Format Version 12.00
# Visual Studio 15
VisualStudioVersion = 15.0.28307.2092
MinimumVisualStudioVersion = 10.0.40219.1
Project("{FAE04EC0-301F-11D3-BF4B-00C04F79EFBC}") = "ProjectManagementApp", "ProjectManagementApp\ProjectManagementApp.csproj", "{EDCF39A0-8528-408D-96DD-C033C78D449E}"
	ProjectSection(ProjectDependencies) = postProject
		{8F3074D8-E771-4C5E-A11E-0C0FBAE34AE3} = {8F3074D8-E771-4C5E-A11E-0C0FBAE34AE3}
	EndProjectSection
EndProject
Project("{FAE04EC0-301F-11D3-BF4B-00C04F79EFBC}") = "RicherTextBox", "RicherTextBox\RicherTextBox.csproj", "{8F3074D8-E771-4C5E-A11E-0C0FBAE34AE3}"
EndProject
Global
	GlobalSection(SolutionConfigurationPlatforms) = preSolution
		Debug|Any CPU = Debug|Any CPU
		Release|Any CPU = Release|Any CPU
	EndGlobalSection
	GlobalSection(ProjectConfigurationPlatforms) = postSolution
		{EDCF39A0-8528-408D-96DD-C033C78D449E}.Debug|Any CPU.ActiveCfg = Debug|Any CPU
		{EDCF39A0-8528-408D-96DD-C033C78D449E}.Debug|Any CPU.Build.0 = Debug|Any CPU
		{EDCF39A0-8528-408D-96DD-C033C78D449E}.Release|Any CPU.ActiveCfg = Release|Any CPU
		{EDCF39A0-8528-408D-96DD-C033C78D449E}.Release|Any CPU.Build.0 = Release|Any CPU
		{8F3074D8-E771-4C5E-A11E-0C0FBAE34AE3}.Debug|Any CPU.ActiveCfg = Debug|Any CPU
		{8F3074D8-E771-4C5E-A11E-0C0FBAE34AE3}.Debug|Any CPU.Build.0 = Debug|Any CPU
		{8F3074D8-E771-4C5E-A11E-0C0FBAE34AE3}.Release|Any CPU.ActiveCfg = Release|Any CPU
		{8F3074D8-E771-4C5E-A11E-0C0FBAE34AE3}.Release|Any CPU.Build.0 = Release|Any CPU
	EndGlobalSection
	GlobalSection(SolutionProperties) = preSolution
		HideSolutionNode = FALSE
	EndGlobalSection
	GlobalSection(ExtensibilityGlobals) = postSolution
		SolutionGuid = {52A8FA7F-0548-4E7D-9428-C8A26B656DD0}
	EndGlobalSection
EndGlobal
